
Microsoft Visual Studio Solution File, Format Version 12.00
# Visual Studio Version 17
VisualStudioVersion = 17.5.33516.290
MinimumVisualStudioVersion = 10.0.40219.1
Project("{2150E333-8FDC-42A3-9474-1A3956D46DE8}") = "Services", "Services", "{3ED3EDA4-9A2F-4425-8683-59E6EB0C5546}"
EndProject
Project("{2150E333-8FDC-42A3-9474-1A3956D46DE8}") = "Catalog", "Catalog", "{305E294C-DE2E-4F5E-9BFE-7C3A70427146}"
EndProject
Global
	GlobalSection(SolutionProperties) = preSolution
		HideSolutionNode = FALSE
	EndGlobalSection
	GlobalSection(NestedProjects) = preSolution
		{305E294C-DE2E-4F5E-9BFE-7C3A70427146} = {3ED3EDA4-9A2F-4425-8683-59E6EB0C5546}
	EndGlobalSection
	GlobalSection(ExtensibilityGlobals) = postSolution
		SolutionGuid = {55CE27C6-B746-4393-AD8A-222FEC57A9C6}
	EndGlobalSection
EndGlobal
